# This file was autogenerated by Stack.
# You should not edit this file by hand.
# For more information, please see the documentation at:
#   https://docs.haskellstack.org/en/stable/lock_files

packages:
- completed:
    hackage: hpack-0.34.4@sha256:e15193faba0a222389ff86faf52c4d45e91f190f940715e237cf862973537788,4478
    pantry-tree:
      size: 3422
      sha256: 3bedfe2838df1142c836bf94734b06619bb00405aa55fc931d8fcec26fc24742
  original:
    hackage: hpack-0.34.4@sha256:e15193faba0a222389ff86faf52c4d45e91f190f940715e237cf862973537788,4478
snapshots:
- completed:
    size: 534126
    url: https://raw.githubusercontent.com/commercialhaskell/stackage-snapshots/master/lts/16/31.yaml
    sha256: 637fb77049b25560622a224845b7acfe81a09fdb6a96a3c75997a10b651667f6
  original: lts-16.31
