# This file was autogenerated by Stack.
# You should not edit this file by hand.
# For more information, please see the documentation at:
#   https://docs.haskellstack.org/en/stable/lock_files

packages: []
snapshots:
- completed:
    size: 496697
    url: https://raw.githubusercontent.com/commercialhaskell/stackage-snapshots/master/lts/13/9.yaml
    sha256: 3846ba7d13dd1b2679426dc3f450332a3b8a181063b0f3fc2d0c7d55db2e9c24
  original: lts-13.9
