# This file was autogenerated by Stack.
# You should not edit this file by hand.
# For more information, please see the documentation at:
#   https://docs.haskellstack.org/en/stable/lock_files

packages:
- completed:
    hackage: dhall-1.41.1@sha256:c03e7d3b17a35522a097bf445cafe459d3af58320fcead65146705295990e70c,15940
    pantry-tree:
      sha256: a54c9c14aa075f524ebab3dd787737b59ed49eff658e27b593a1859693ce12d9
      size: 336152
  original:
    hackage: dhall-1.41.1
- completed:
    hackage: dhall-json-1.7.10@sha256:e6a570814b7464fe70ada7614581bc00be8c8b1a2d6bd003bb5158493c481ab6,4507
    pantry-tree:
      sha256: 1fc3b1fbdb8b2c8e9978874584f815857d34b0000692f7de0775e33556f24738
      size: 5485
  original:
    hackage: dhall-json-1.7.10
- completed:
    hackage: hpack-0.35.0@sha256:15f5e846215ed2428652681e5dc8685121ac124d552cfd84a587749a364a188e,5014
    pantry-tree:
      sha256: 29913b049bd8a0c4e4c89fdf4fd71c2405bd2bc3ad2109e6b01c5c66f7f91a33
      size: 3615
  original:
    hackage: hpack-0.35.0
snapshots:
- completed:
    sha256: 6d1532d40621957a25bad5195bfca7938e8a06d923c91bc52aa0f3c41181f2d4
    size: 619204
    url: https://raw.githubusercontent.com/commercialhaskell/stackage-snapshots/master/lts/19/33.yaml
  original: lts-19.33
