# This file was autogenerated by Stack.
# You should not edit this file by hand.
# For more information, please see the documentation at:
#   https://docs.haskellstack.org/en/stable/topics/lock_files

packages:
- completed:
    hackage: dhall-json-1.7.12@sha256:9362f33db8a5228dfce25803d08f118a48681243f7d7a47de3eb9027ab9fbc73,4517
    pantry-tree:
      sha256: 3f42ed0a4c0f9cb3406df9e9add5476b47467fcb8f045cba0a42f6251f81fc31
      size: 5485
  original:
    hackage: dhall-json-1.7.12
snapshots:
- completed:
    sha256: dcf86269b2b17d59d4c760c8e11525d6c38c1adfc1b591c506ad8047008d550d
    size: 737699
    url: https://raw.githubusercontent.com/commercialhaskell/stackage-snapshots/master/nightly/2026/4/12.yaml
  original: nightly-2026-04-12
