# This file was autogenerated by Stack.
# You should not edit this file by hand.
# For more information, please see the documentation at:
#   https://docs.haskellstack.org/en/stable/lock_files

packages:
- completed:
    hackage: dhall-1.20.1@sha256:3377090039ba3560b50515799affc57d74d2d3e57d3f8699bb2a9fc428fa4918,23401
    pantry-tree:
      size: 74391
      sha256: 6d60482ad0f489796645296523342c2c0798455469a5b5415987cfb30413056f
  original:
    hackage: dhall-1.20.1@sha256:3377090039ba3560b50515799affc57d74d2d3e57d3f8699bb2a9fc428fa4918
- completed:
    hackage: dhall-json-1.2.6@sha256:dd2073697cc0c73ee3611b596e0c33363afb3a926a148c39de15b5c7b07ecdf4,2748
    pantry-tree:
      size: 569
      sha256: 85c78118c7b5a6d5133070ea6b8bec59460b86678ecff60783149d5bf4b42dad
  original:
    hackage: dhall-json-1.2.6@sha256:dd2073697cc0c73ee3611b596e0c33363afb3a926a148c39de15b5c7b07ecdf4
- completed:
    hackage: hpack-0.31.2@sha256:c86aba85013358c2bea1e602d3582741e4a4393df388c65539d3602b7e6eef8d,4406
    pantry-tree:
      size: 3245
      sha256: 9a82063e964f87c25288e07cab83d0d95a58530c8f04df96e99c55e6557a6ef2
  original:
    hackage: hpack-0.31.2@sha256:c86aba85013358c2bea1e602d3582741e4a4393df388c65539d3602b7e6eef8d
- completed:
    hackage: megaparsec-7.0.4@sha256:a7397151601cbe6b8f831f8bdad1a10118dcd6d9a7ee50d6bbdcfbd1181b4ba2,6202
    pantry-tree:
      size: 2647
      sha256: ab1608bf3230f6f3242fd49f4aa60025698c831f2cfb3496ccbdadf7840848e9
  original:
    hackage: megaparsec-7.0.4@sha256:a7397151601cbe6b8f831f8bdad1a10118dcd6d9a7ee50d6bbdcfbd1181b4ba2
- completed:
    hackage: cborg-json-0.2.1.0@sha256:af9137557002ca5308fe80570a9a29398dfb9708423870875223796760689ac3,1268
    pantry-tree:
      size: 274
      sha256: fa0ca2dc2d6cdab48e5ef74ffe248670045fca98339d939e47215a5c3ebe47c0
  original:
    hackage: cborg-json-0.2.1.0@sha256:af9137557002ca5308fe80570a9a29398dfb9708423870875223796760689ac3
- completed:
    hackage: dotgen-0.4.2@sha256:309b7cc8a3593a8e48bee7b53020d5f72db156d58edf78a0214f58fbb84b292b,1402
    pantry-tree:
      size: 357
      sha256: d03f332855d4d9b02e96931596e358202bd18032c323fb1abd8fe84299d259cd
  original:
    hackage: dotgen-0.4.2@sha256:309b7cc8a3593a8e48bee7b53020d5f72db156d58edf78a0214f58fbb84b292b
- completed:
    hackage: infer-license-0.2.0@sha256:98dbe0e8d726fd698f9961e69cc69343f37952b4b7428283d0b8dbe3b09f8125,1804
    pantry-tree:
      size: 1291
      sha256: f9005d8279c4180eee1220abd909576043284340944e5e4b7de9baea4cad56cf
  original:
    hackage: infer-license-0.2.0@sha256:98dbe0e8d726fd698f9961e69cc69343f37952b4b7428283d0b8dbe3b09f8125
- completed:
    hackage: serialise-0.2.1.0@sha256:8d6051f64c6ebfaf705195dd0b8dfb667617f2e674b290ed2e44985009e4f951,8242
    pantry-tree:
      size: 4056
      sha256: 26f4c5d503a78001152b73868bd66c5b3479d9b62bb0134c6557815ced34402a
  original:
    hackage: serialise-0.2.1.0@sha256:8d6051f64c6ebfaf705195dd0b8dfb667617f2e674b290ed2e44985009e4f951
- completed:
    hackage: repline-0.2.0.0@sha256:0ebbf9a59edb60eeac7e002971d501a81ef633b2dc4db3908d27f30f95e4eac1,1107
    pantry-tree:
      size: 271
      sha256: 95a1fe04512fe07e4af85a11b804c9f8ad2257e43fd62d10b6cdad674edf74ac
  original:
    hackage: repline-0.2.0.0@sha256:0ebbf9a59edb60eeac7e002971d501a81ef633b2dc4db3908d27f30f95e4eac1
- completed:
    hackage: yaml-0.11.0.0@sha256:8303b3e445295f4fe28ee18efe49ef2667f9f88742ce8049db437c6579be425e,5079
    pantry-tree:
      size: 1989
      sha256: f95eb551d1bebfe405eb7c2901e2eaba9ea17d379fc984bd04d44d4831d3fbca
  original:
    hackage: yaml-0.11.0.0@sha256:8303b3e445295f4fe28ee18efe49ef2667f9f88742ce8049db437c6579be425e
- completed:
    hackage: libyaml-0.1.1.0@sha256:b3fcd8c44622c75e054c2267f3fec39a58a311748000310cbc8257a4683d3f02,2090
    pantry-tree:
      size: 1096
      sha256: 5955a20a686e9cfe6316201085315ec0053ef532788a2d63908457b214dea3ae
  original:
    hackage: libyaml-0.1.1.0@sha256:b3fcd8c44622c75e054c2267f3fec39a58a311748000310cbc8257a4683d3f02
- completed:
    hackage: Cabal-2.4.1.0@sha256:56c858cf85e8756a94aaf930f2be4c2eaee623f067e7c55394194d3741147ab7,21825
    pantry-tree:
      size: 31482
      sha256: 841586a64478b5901e6ae45eed93b1c3e672b1cf42c1b37cadd479e4747f1bb5
  original:
    hackage: Cabal-2.4.1.0@sha256:56c858cf85e8756a94aaf930f2be4c2eaee623f067e7c55394194d3741147ab7
- completed:
    hackage: cborg-0.2.1.0@sha256:6e2c9a4dc3ccd621d799689d6c3ff862c761ffbab4da104874ba04a14c60ac7a,4488
    pantry-tree:
      size: 2077
      sha256: e5d66fd5e933e68f074ec179787d931a8aca7920f078155b6c219a31f3de7c3a
  original:
    hackage: cborg-0.2.1.0@sha256:6e2c9a4dc3ccd621d799689d6c3ff862c761ffbab4da104874ba04a14c60ac7a
- completed:
    hackage: parser-combinators-1.0.1@sha256:c28576a0851300fdbd9ffa9970c305eb879dc3f7c36907a667233a0fef4268dc,1957
    pantry-tree:
      size: 724
      sha256: fc030d50ac880be36fdfbc24c2042eade102de21c223b02f55b210ab5458d0c5
  original:
    hackage: parser-combinators-1.0.1@sha256:c28576a0851300fdbd9ffa9970c305eb879dc3f7c36907a667233a0fef4268dc
snapshots:
- completed:
    size: 527836
    url: https://raw.githubusercontent.com/commercialhaskell/stackage-snapshots/master/lts/11/22.yaml
    sha256: 341870ac98d8a9f8f77c4adf2e9e0b22063e264a7fbeb4c85b7af5f380dac60e
  original: lts-11.22
