# This file was autogenerated by Stack.
# You should not edit this file by hand.
# For more information, please see the documentation at:
#   https://docs.haskellstack.org/en/stable/lock_files

packages: []
snapshots:
- completed:
    size: 468990
    url: https://raw.githubusercontent.com/commercialhaskell/stackage-snapshots/master/nightly/2021/6/20.yaml
    sha256: 103b65064332ba9a92c52101ce6b46c577ef4f8c0eed92fb7c52847719965b81
  original: nightly-2021-06-20
