# This file was autogenerated by Stack.
# You should not edit this file by hand.
# For more information, please see the documentation at:
#   https://docs.haskellstack.org/en/stable/lock_files

packages: []
snapshots:
- completed:
    size: 554661
    url: https://raw.githubusercontent.com/commercialhaskell/stackage-snapshots/master/nightly/2022/4/27.yaml
    sha256: 1aa1fac98a7d22944e5de448b4d734c9af261ed00475c83bf784d27bbb4c9531
  original: nightly-2022-04-27
